
Microsoft Visual Studio Solution File, Format Version 12.00
# Visual Studio Version 18
VisualStudioVersion = 18.5.11723.231
MinimumVisualStudioVersion = 10.0.40219.1
Project("{FAE04EC0-301F-11D3-BF4B-00C04F79EFBC}") = "EFCoreRPGEntities", "EFCoreRPGEntities\EFCoreRPGEntities.csproj", "{06CA9C05-91D3-3D02-68F5-88B20A799EB5}"
EndProject
Project("{FAE04EC0-301F-11D3-BF4B-00C04F79EFBC}") = "W9-assignment-template", "EFCoreRPG\W9-assignment-template.csproj", "{0F4A845A-2BFC-8F09-56B9-B166838BD7DD}"
EndProject
Global
	GlobalSection(SolutionConfigurationPlatforms) = preSolution
		Debug|Any CPU = Debug|Any CPU
		Release|Any CPU = Release|Any CPU
	EndGlobalSection
	GlobalSection(ProjectConfigurationPlatforms) = postSolution
		{06CA9C05-91D3-3D02-68F5-88B20A799EB5}.Debug|Any CPU.ActiveCfg = Debug|Any CPU
		{06CA9C05-91D3-3D02-68F5-88B20A799EB5}.Debug|Any CPU.Build.0 = Debug|Any CPU
		{06CA9C05-91D3-3D02-68F5-88B20A799EB5}.Release|Any CPU.ActiveCfg = Release|Any CPU
		{06CA9C05-91D3-3D02-68F5-88B20A799EB5}.Release|Any CPU.Build.0 = Release|Any CPU
		{0F4A845A-2BFC-8F09-56B9-B166838BD7DD}.Debug|Any CPU.ActiveCfg = Debug|Any CPU
		{0F4A845A-2BFC-8F09-56B9-B166838BD7DD}.Debug|Any CPU.Build.0 = Debug|Any CPU
		{0F4A845A-2BFC-8F09-56B9-B166838BD7DD}.Release|Any CPU.ActiveCfg = Release|Any CPU
		{0F4A845A-2BFC-8F09-56B9-B166838BD7DD}.Release|Any CPU.Build.0 = Release|Any CPU
	EndGlobalSection
	GlobalSection(SolutionProperties) = preSolution
		HideSolutionNode = FALSE
	EndGlobalSection
	GlobalSection(ExtensibilityGlobals) = postSolution
		SolutionGuid = {241A13D5-ACCE-4EB7-B534-D0E789F43B6D}
	EndGlobalSection
EndGlobal
